
Microsoft Visual Studio Solution File, Format Version 12.00
# Visual Studio Version 17
VisualStudioVersion = 17.3.32929.385
MinimumVisualStudioVersion = 10.0.40219.1
Project("{FAE04EC0-301F-11D3-BF4B-00C04F79EFBC}") = "MyApi", "MyApi\MyApi.csproj", "{16F769F2-4C11-4A2F-BDAE-E6D2E7BE37AD}"
EndProject
Global
	GlobalSection(SolutionConfigurationPlatforms) = preSolution
		Debug|Any CPU = Debug|Any CPU
		Release|Any CPU = Release|Any CPU
	EndGlobalSection
	GlobalSection(ProjectConfigurationPlatforms) = postSolution
		{16F769F2-4C11-4A2F-BDAE-E6D2E7BE37AD}.Debug|Any CPU.ActiveCfg = Debug|Any CPU
		{16F769F2-4C11-4A2F-BDAE-E6D2E7BE37AD}.Debug|Any CPU.Build.0 = Debug|Any CPU
		{16F769F2-4C11-4A2F-BDAE-E6D2E7BE37AD}.Release|Any CPU.ActiveCfg = Release|Any CPU
		{16F769F2-4C11-4A2F-BDAE-E6D2E7BE37AD}.Release|Any CPU.Build.0 = Release|Any CPU
	EndGlobalSection
	GlobalSection(SolutionProperties) = preSolution
		HideSolutionNode = FALSE
	EndGlobalSection
	GlobalSection(ExtensibilityGlobals) = postSolution
		SolutionGuid = {03CA868D-4193-4040-8A7A-B2EB681F6D87}
	EndGlobalSection
EndGlobal
